
Microsoft Visual Studio Solution File, Format Version 12.00
# Visual Studio Version 16
VisualStudioVersion = 16.0.31205.134
MinimumVisualStudioVersion = 10.0.40219.1
Project("{FAE04EC0-301F-11D3-BF4B-00C04F79EFBC}") = "MyUserApi", "MyUserApi\MyUserApi.csproj", "{0BF4EC94-B324-445C-8354-757A587E67CE}"
EndProject
Global
	GlobalSection(SolutionConfigurationPlatforms) = preSolution
		Debug|Any CPU = Debug|Any CPU
		Release|Any CPU = Release|Any CPU
	EndGlobalSection
	GlobalSection(ProjectConfigurationPlatforms) = postSolution
		{0BF4EC94-B324-445C-8354-757A587E67CE}.Debug|Any CPU.ActiveCfg = Debug|Any CPU
		{0BF4EC94-B324-445C-8354-757A587E67CE}.Debug|Any CPU.Build.0 = Debug|Any CPU
		{0BF4EC94-B324-445C-8354-757A587E67CE}.Release|Any CPU.ActiveCfg = Release|Any CPU
		{0BF4EC94-B324-445C-8354-757A587E67CE}.Release|Any CPU.Build.0 = Release|Any CPU
	EndGlobalSection
	GlobalSection(SolutionProperties) = preSolution
		HideSolutionNode = FALSE
	EndGlobalSection
	GlobalSection(ExtensibilityGlobals) = postSolution
		SolutionGuid = {42F091C2-9DDA-4E6D-B6E5-8512D8E4BC7C}
	EndGlobalSection
EndGlobal
